
Microsoft Visual Studio Solution File, Format Version 12.00
# Visual Studio Version 16
VisualStudioVersion = 16.0.29709.97
MinimumVisualStudioVersion = 10.0.40219.1
Project("{FAE04EC0-301F-11D3-BF4B-00C04F79EFBC}") = "DDona.RefitTest.WebApi", "DDona.RefitTest.WebApi\DDona.RefitTest.WebApi.csproj", "{5E9CAA49-524D-47A5-A96A-57A4D685AC1C}"
EndProject
Project("{FAE04EC0-301F-11D3-BF4B-00C04F79EFBC}") = "DDona.RefitTest.Domain", "DDona.RefitTest.Domain\DDona.RefitTest.Domain.csproj", "{D9ED291B-384B-4FC2-9B55-635EF65A1BA0}"
EndProject
Project("{FAE04EC0-301F-11D3-BF4B-00C04F79EFBC}") = "DDona.RefitTest.Repository", "DDona.RefitTest.Repository\DDona.RefitTest.Repository.csproj", "{2BFC38D1-E327-491A-82E5-F7BB5748FCBE}"
EndProject
Project("{FAE04EC0-301F-11D3-BF4B-00C04F79EFBC}") = "DDona.RefitTest.WebApiInterface", "DDona.RefitTest.WebApiInterface\DDona.RefitTest.WebApiInterface.csproj", "{D333F514-3F2C-41D0-87FA-6E1C42026565}"
EndProject
Project("{FAE04EC0-301F-11D3-BF4B-00C04F79EFBC}") = "DDona.RefitTest.ConsoleApp", "DDona.RefitTest.ConsoleApp\DDona.RefitTest.ConsoleApp.csproj", "{CCD49B8E-D3AA-49E5-99EF-5CB22E5E9C02}"
EndProject
Global
	GlobalSection(SolutionConfigurationPlatforms) = preSolution
		Debug|Any CPU = Debug|Any CPU
		Release|Any CPU = Release|Any CPU
	EndGlobalSection
	GlobalSection(ProjectConfigurationPlatforms) = postSolution
		{5E9CAA49-524D-47A5-A96A-57A4D685AC1C}.Debug|Any CPU.ActiveCfg = Debug|Any CPU
		{5E9CAA49-524D-47A5-A96A-57A4D685AC1C}.Debug|Any CPU.Build.0 = Debug|Any CPU
		{5E9CAA49-524D-47A5-A96A-57A4D685AC1C}.Release|Any CPU.ActiveCfg = Release|Any CPU
		{5E9CAA49-524D-47A5-A96A-57A4D685AC1C}.Release|Any CPU.Build.0 = Release|Any CPU
		{D9ED291B-384B-4FC2-9B55-635EF65A1BA0}.Debug|Any CPU.ActiveCfg = Debug|Any CPU
		{D9ED291B-384B-4FC2-9B55-635EF65A1BA0}.Debug|Any CPU.Build.0 = Debug|Any CPU
		{D9ED291B-384B-4FC2-9B55-635EF65A1BA0}.Release|Any CPU.ActiveCfg = Release|Any CPU
		{D9ED291B-384B-4FC2-9B55-635EF65A1BA0}.Release|Any CPU.Build.0 = Release|Any CPU
		{2BFC38D1-E327-491A-82E5-F7BB5748FCBE}.Debug|Any CPU.ActiveCfg = Debug|Any CPU
		{2BFC38D1-E327-491A-82E5-F7BB5748FCBE}.Debug|Any CPU.Build.0 = Debug|Any CPU
		{2BFC38D1-E327-491A-82E5-F7BB5748FCBE}.Release|Any CPU.ActiveCfg = Release|Any CPU
		{2BFC38D1-E327-491A-82E5-F7BB5748FCBE}.Release|Any CPU.Build.0 = Release|Any CPU
		{D333F514-3F2C-41D0-87FA-6E1C42026565}.Debug|Any CPU.ActiveCfg = Debug|Any CPU
		{D333F514-3F2C-41D0-87FA-6E1C42026565}.Debug|Any CPU.Build.0 = Debug|Any CPU
		{D333F514-3F2C-41D0-87FA-6E1C42026565}.Release|Any CPU.ActiveCfg = Release|Any CPU
		{D333F514-3F2C-41D0-87FA-6E1C42026565}.Release|Any CPU.Build.0 = Release|Any CPU
		{CCD49B8E-D3AA-49E5-99EF-5CB22E5E9C02}.Debug|Any CPU.ActiveCfg = Debug|Any CPU
		{CCD49B8E-D3AA-49E5-99EF-5CB22E5E9C02}.Debug|Any CPU.Build.0 = Debug|Any CPU
		{CCD49B8E-D3AA-49E5-99EF-5CB22E5E9C02}.Release|Any CPU.ActiveCfg = Release|Any CPU
		{CCD49B8E-D3AA-49E5-99EF-5CB22E5E9C02}.Release|Any CPU.Build.0 = Release|Any CPU
	EndGlobalSection
	GlobalSection(SolutionProperties) = preSolution
		HideSolutionNode = FALSE
	EndGlobalSection
	GlobalSection(ExtensibilityGlobals) = postSolution
		SolutionGuid = {1FD17050-A1FD-494F-B910-88FE4F802F02}
	EndGlobalSection
EndGlobal
